
Microsoft Visual Studio Solution File, Format Version 12.00
# Visual Studio Version 17
VisualStudioVersion = 17.11.35312.102
MinimumVisualStudioVersion = 10.0.40219.1
Project("{FAE04EC0-301F-11D3-BF4B-00C04F79EFBC}") = "ConsultMe", "ConsultMe.csproj", "{23480F4D-BDCB-41FC-BD83-AD8BFBD28A57}"
EndProject
Global
	GlobalSection(SolutionConfigurationPlatforms) = preSolution
		Debug|Any CPU = Debug|Any CPU
		Release|Any CPU = Release|Any CPU
	EndGlobalSection
	GlobalSection(ProjectConfigurationPlatforms) = postSolution
		{23480F4D-BDCB-41FC-BD83-AD8BFBD28A57}.Debug|Any CPU.ActiveCfg = Debug|Any CPU
		{23480F4D-BDCB-41FC-BD83-AD8BFBD28A57}.Debug|Any CPU.Build.0 = Debug|Any CPU
		{23480F4D-BDCB-41FC-BD83-AD8BFBD28A57}.Release|Any CPU.ActiveCfg = Release|Any CPU
		{23480F4D-BDCB-41FC-BD83-AD8BFBD28A57}.Release|Any CPU.Build.0 = Release|Any CPU
	EndGlobalSection
	GlobalSection(SolutionProperties) = preSolution
		HideSolutionNode = FALSE
	EndGlobalSection
	GlobalSection(ExtensibilityGlobals) = postSolution
		SolutionGuid = {DB0928D3-D9C3-4A29-BB8A-AE7AECFCBD98}
	EndGlobalSection
EndGlobal
